
Microsoft Visual Studio Solution File, Format Version 12.00
# Visual Studio Version 17
VisualStudioVersion = 17.11.35327.3
MinimumVisualStudioVersion = 10.0.40219.1
Project("{FAE04EC0-301F-11D3-BF4B-00C04F79EFBC}") = "Production_ex", "Production_ex\Production_ex.csproj", "{024113A3-495F-4302-BBCE-54EDC8080437}"
EndProject
Global
	GlobalSection(SolutionConfigurationPlatforms) = preSolution
		Debug|Any CPU = Debug|Any CPU
		Release|Any CPU = Release|Any CPU
	EndGlobalSection
	GlobalSection(ProjectConfigurationPlatforms) = postSolution
		{024113A3-495F-4302-BBCE-54EDC8080437}.Debug|Any CPU.ActiveCfg = Debug|Any CPU
		{024113A3-495F-4302-BBCE-54EDC8080437}.Debug|Any CPU.Build.0 = Debug|Any CPU
		{024113A3-495F-4302-BBCE-54EDC8080437}.Release|Any CPU.ActiveCfg = Release|Any CPU
		{024113A3-495F-4302-BBCE-54EDC8080437}.Release|Any CPU.Build.0 = Release|Any CPU
	EndGlobalSection
	GlobalSection(SolutionProperties) = preSolution
		HideSolutionNode = FALSE
	EndGlobalSection
	GlobalSection(ExtensibilityGlobals) = postSolution
		SolutionGuid = {D76475F4-7B3A-4DCB-90FA-2F3FC693221F}
	EndGlobalSection
EndGlobal
